Microsoft Visual Studio Solution File, Format Version 12.00
# Visual Studio 15
VisualStudioVersion = 15.0.26430.13
MinimumVisualStudioVersion = 15.0.26124.0
Project("{9A19103F-16F7-4668-BE54-9A1E7A4F7556}") = "Fibon.Api", "Fibon.Api\Fibon.Api.csproj", "{AE75045C-018B-44CD-8B15-69133660AF71}"
EndProject
Project("{FAE04EC0-301F-11D3-BF4B-00C04F79EFBC}") = "Fibon.Messages", "Fibon.Messages\Fibon.Messages.csproj", "{5454DE83-9DF6-42A5-AF09-8D156AAAA8D7}"
EndProject
Global
	GlobalSection(SolutionConfigurationPlatforms) = preSolution
		Debug|Any CPU = Debug|Any CPU
		Debug|x64 = Debug|x64
		Debug|x86 = Debug|x86
		Release|Any CPU = Release|Any CPU
		Release|x64 = Release|x64
		Release|x86 = Release|x86
	EndGlobalSection
	GlobalSection(ProjectConfigurationPlatforms) = postSolution
		{AE75045C-018B-44CD-8B15-69133660AF71}.Debug|Any CPU.ActiveCfg = Debug|Any CPU
		{AE75045C-018B-44CD-8B15-69133660AF71}.Debug|Any CPU.Build.0 = Debug|Any CPU
		{AE75045C-018B-44CD-8B15-69133660AF71}.Debug|x64.ActiveCfg = Debug|Any CPU
		{AE75045C-018B-44CD-8B15-69133660AF71}.Debug|x64.Build.0 = Debug|Any CPU
		{AE75045C-018B-44CD-8B15-69133660AF71}.Debug|x86.ActiveCfg = Debug|Any CPU
		{AE75045C-018B-44CD-8B15-69133660AF71}.Debug|x86.Build.0 = Debug|Any CPU
		{AE75045C-018B-44CD-8B15-69133660AF71}.Release|Any CPU.ActiveCfg = Release|Any CPU
		{AE75045C-018B-44CD-8B15-69133660AF71}.Release|Any CPU.Build.0 = Release|Any CPU
		{AE75045C-018B-44CD-8B15-69133660AF71}.Release|x64.ActiveCfg = Release|Any CPU
		{AE75045C-018B-44CD-8B15-69133660AF71}.Release|x64.Build.0 = Release|Any CPU
		{AE75045C-018B-44CD-8B15-69133660AF71}.Release|x86.ActiveCfg = Release|Any CPU
		{AE75045C-018B-44CD-8B15-69133660AF71}.Release|x86.Build.0 = Release|Any CPU
		{5454DE83-9DF6-42A5-AF09-8D156AAAA8D7}.Debug|Any CPU.ActiveCfg = Debug|Any CPU
		{5454DE83-9DF6-42A5-AF09-8D156AAAA8D7}.Debug|Any CPU.Build.0 = Debug|Any CPU
		{5454DE83-9DF6-42A5-AF09-8D156AAAA8D7}.Debug|x64.ActiveCfg = Debug|x64
		{5454DE83-9DF6-42A5-AF09-8D156AAAA8D7}.Debug|x64.Build.0 = Debug|x64
		{5454DE83-9DF6-42A5-AF09-8D156AAAA8D7}.Debug|x86.ActiveCfg = Debug|x86
		{5454DE83-9DF6-42A5-AF09-8D156AAAA8D7}.Debug|x86.Build.0 = Debug|x86
		{5454DE83-9DF6-42A5-AF09-8D156AAAA8D7}.Release|Any CPU.ActiveCfg = Release|Any CPU
		{5454DE83-9DF6-42A5-AF09-8D156AAAA8D7}.Release|Any CPU.Build.0 = Release|Any CPU
		{5454DE83-9DF6-42A5-AF09-8D156AAAA8D7}.Release|x64.ActiveCfg = Release|x64
		{5454DE83-9DF6-42A5-AF09-8D156AAAA8D7}.Release|x64.Build.0 = Release|x64
		{5454DE83-9DF6-42A5-AF09-8D156AAAA8D7}.Release|x86.ActiveCfg = Release|x86
		{5454DE83-9DF6-42A5-AF09-8D156AAAA8D7}.Release|x86.Build.0 = Release|x86
	EndGlobalSection
	GlobalSection(SolutionProperties) = preSolution
		HideSolutionNode = FALSE
	EndGlobalSection
EndGlobal
